
Microsoft Visual Studio Solution File, Format Version 12.00
# Visual Studio Version 17
VisualStudioVersion = 17.4.33213.308
MinimumVisualStudioVersion = 10.0.40219.1
Project("{9A19103F-16F7-4668-BE54-9A1E7A4F7556}") = "io.quind.practicaBanco.entity", "io.quind.practicaBanco.date\io.quind.practicaBanco.entity.csproj", "{6FD8839C-A84B-48FB-A8C7-5955F85FFA9C}"
EndProject
Project("{9A19103F-16F7-4668-BE54-9A1E7A4F7556}") = "io.quind.practicaBanco.domain", "io.quind.practicaBanco.domain\io.quind.practicaBanco.domain.csproj", "{C6277500-67E2-4A5A-9AEB-019AC366599E}"
EndProject
Project("{9A19103F-16F7-4668-BE54-9A1E7A4F7556}") = "io.quind.practicaBanco.data", "io.quind.practicaBanco.data\io.quind.practicaBanco.data.csproj", "{C25CAFB1-69BF-49FC-8DA9-8628B68C3455}"
EndProject
Project("{9A19103F-16F7-4668-BE54-9A1E7A4F7556}") = "io.quind.practicaBanco.DTO", "io.quind.practicaBanco.DTO\io.quind.practicaBanco.DTO.csproj", "{46E8211D-0F8B-4770-A4DF-FF13A1F0B62E}"
EndProject
Project("{9A19103F-16F7-4668-BE54-9A1E7A4F7556}") = "io.quind.practicaBanco.ap", "io.quind.practicaBanco.appi\io.quind.practicaBanco.ap.csproj", "{F3B2924D-D22A-4773-A2FE-B140AD3A697C}"
EndProject
Project("{FAE04EC0-301F-11D3-BF4B-00C04F79EFBC}") = "io.quind.practicaBanco.unityTest", "io.quind.practicaBanco.unityTest\io.quind.practicaBanco.unityTest.csproj", "{F8E6EE84-4F29-4B0E-BAB5-89346793E057}"
EndProject
Global
	GlobalSection(SolutionConfigurationPlatforms) = preSolution
		Debug|Any CPU = Debug|Any CPU
		Release|Any CPU = Release|Any CPU
	EndGlobalSection
	GlobalSection(ProjectConfigurationPlatforms) = postSolution
		{6FD8839C-A84B-48FB-A8C7-5955F85FFA9C}.Debug|Any CPU.ActiveCfg = Debug|Any CPU
		{6FD8839C-A84B-48FB-A8C7-5955F85FFA9C}.Debug|Any CPU.Build.0 = Debug|Any CPU
		{6FD8839C-A84B-48FB-A8C7-5955F85FFA9C}.Release|Any CPU.ActiveCfg = Release|Any CPU
		{6FD8839C-A84B-48FB-A8C7-5955F85FFA9C}.Release|Any CPU.Build.0 = Release|Any CPU
		{C6277500-67E2-4A5A-9AEB-019AC366599E}.Debug|Any CPU.ActiveCfg = Debug|Any CPU
		{C6277500-67E2-4A5A-9AEB-019AC366599E}.Debug|Any CPU.Build.0 = Debug|Any CPU
		{C6277500-67E2-4A5A-9AEB-019AC366599E}.Release|Any CPU.ActiveCfg = Release|Any CPU
		{C6277500-67E2-4A5A-9AEB-019AC366599E}.Release|Any CPU.Build.0 = Release|Any CPU
		{C25CAFB1-69BF-49FC-8DA9-8628B68C3455}.Debug|Any CPU.ActiveCfg = Debug|Any CPU
		{C25CAFB1-69BF-49FC-8DA9-8628B68C3455}.Debug|Any CPU.Build.0 = Debug|Any CPU
		{C25CAFB1-69BF-49FC-8DA9-8628B68C3455}.Release|Any CPU.ActiveCfg = Release|Any CPU
		{C25CAFB1-69BF-49FC-8DA9-8628B68C3455}.Release|Any CPU.Build.0 = Release|Any CPU
		{46E8211D-0F8B-4770-A4DF-FF13A1F0B62E}.Debug|Any CPU.ActiveCfg = Debug|Any CPU
		{46E8211D-0F8B-4770-A4DF-FF13A1F0B62E}.Debug|Any CPU.Build.0 = Debug|Any CPU
		{46E8211D-0F8B-4770-A4DF-FF13A1F0B62E}.Release|Any CPU.ActiveCfg = Release|Any CPU
		{46E8211D-0F8B-4770-A4DF-FF13A1F0B62E}.Release|Any CPU.Build.0 = Release|Any CPU
		{F3B2924D-D22A-4773-A2FE-B140AD3A697C}.Debug|Any CPU.ActiveCfg = Debug|Any CPU
		{F3B2924D-D22A-4773-A2FE-B140AD3A697C}.Debug|Any CPU.Build.0 = Debug|Any CPU
		{F3B2924D-D22A-4773-A2FE-B140AD3A697C}.Release|Any CPU.ActiveCfg = Release|Any CPU
		{F3B2924D-D22A-4773-A2FE-B140AD3A697C}.Release|Any CPU.Build.0 = Release|Any CPU
		{F8E6EE84-4F29-4B0E-BAB5-89346793E057}.Debug|Any CPU.ActiveCfg = Debug|Any CPU
		{F8E6EE84-4F29-4B0E-BAB5-89346793E057}.Debug|Any CPU.Build.0 = Debug|Any CPU
		{F8E6EE84-4F29-4B0E-BAB5-89346793E057}.Release|Any CPU.ActiveCfg = Release|Any CPU
		{F8E6EE84-4F29-4B0E-BAB5-89346793E057}.Release|Any CPU.Build.0 = Release|Any CPU
	EndGlobalSection
	GlobalSection(SolutionProperties) = preSolution
		HideSolutionNode = FALSE
	EndGlobalSection
	GlobalSection(ExtensibilityGlobals) = postSolution
		SolutionGuid = {97BA0867-6BC4-4784-8179-ABDB9EF13302}
	EndGlobalSection
EndGlobal
